
Microsoft Visual Studio Solution File, Format Version 12.00
# Visual Studio Version 17
VisualStudioVersion = 17.5.002.0
MinimumVisualStudioVersion = 10.0.40219.1
Project("{9A19103F-16F7-4668-BE54-9A1E7A4F7556}") = "ConsoleApp", "ConsoleApp.csproj", "{2C5ACFCA-5DFF-4F32-9806-C27A734F9ACE}"
EndProject
Global
	GlobalSection(SolutionConfigurationPlatforms) = preSolution
		Debug|Any CPU = Debug|Any CPU
		Release|Any CPU = Release|Any CPU
	EndGlobalSection
	GlobalSection(ProjectConfigurationPlatforms) = postSolution
		{2C5ACFCA-5DFF-4F32-9806-C27A734F9ACE}.Debug|Any CPU.ActiveCfg = Debug|Any CPU
		{2C5ACFCA-5DFF-4F32-9806-C27A734F9ACE}.Debug|Any CPU.Build.0 = Debug|Any CPU
		{2C5ACFCA-5DFF-4F32-9806-C27A734F9ACE}.Release|Any CPU.ActiveCfg = Release|Any CPU
		{2C5ACFCA-5DFF-4F32-9806-C27A734F9ACE}.Release|Any CPU.Build.0 = Release|Any CPU
	EndGlobalSection
	GlobalSection(SolutionProperties) = preSolution
		HideSolutionNode = FALSE
	EndGlobalSection
	GlobalSection(ExtensibilityGlobals) = postSolution
		SolutionGuid = {C93327FA-9B2C-4AFC-808F-DC0F40D15FDE}
	EndGlobalSection
EndGlobal
